
Microsoft Visual Studio Solution File, Format Version 12.00
# Visual Studio 15
VisualStudioVersion = 15.0.28307.329
MinimumVisualStudioVersion = 10.0.40219.1
Project("{FAE04EC0-301F-11D3-BF4B-00C04F79EFBC}") = "lab2.4", "lab2.4\lab2.4.csproj", "{40476512-7EEA-441A-998A-40F1E3608460}"
EndProject
Global
	GlobalSection(SolutionConfigurationPlatforms) = preSolution
		Debug|Any CPU = Debug|Any CPU
		Release|Any CPU = Release|Any CPU
	EndGlobalSection
	GlobalSection(ProjectConfigurationPlatforms) = postSolution
		{40476512-7EEA-441A-998A-40F1E3608460}.Debug|Any CPU.ActiveCfg = Debug|Any CPU
		{40476512-7EEA-441A-998A-40F1E3608460}.Debug|Any CPU.Build.0 = Debug|Any CPU
		{40476512-7EEA-441A-998A-40F1E3608460}.Release|Any CPU.ActiveCfg = Release|Any CPU
		{40476512-7EEA-441A-998A-40F1E3608460}.Release|Any CPU.Build.0 = Release|Any CPU
	EndGlobalSection
	GlobalSection(SolutionProperties) = preSolution
		HideSolutionNode = FALSE
	EndGlobalSection
	GlobalSection(ExtensibilityGlobals) = postSolution
		SolutionGuid = {F58E41BB-1F85-4733-B4E8-D41A7DE3FD5E}
	EndGlobalSection
EndGlobal
