
Microsoft Visual Studio Solution File, Format Version 12.00
# Visual Studio 15
VisualStudioVersion = 15.0.28307.329
MinimumVisualStudioVersion = 10.0.40219.1
Project("{FAE04EC0-301F-11D3-BF4B-00C04F79EFBC}") = "task2", "task2\task2.csproj", "{AE545C39-62A5-41A9-BE45-D892FC7B3DE6}"
EndProject
Global
	GlobalSection(SolutionConfigurationPlatforms) = preSolution
		Debug|Any CPU = Debug|Any CPU
		Release|Any CPU = Release|Any CPU
	EndGlobalSection
	GlobalSection(ProjectConfigurationPlatforms) = postSolution
		{AE545C39-62A5-41A9-BE45-D892FC7B3DE6}.Debug|Any CPU.ActiveCfg = Debug|Any CPU
		{AE545C39-62A5-41A9-BE45-D892FC7B3DE6}.Debug|Any CPU.Build.0 = Debug|Any CPU
		{AE545C39-62A5-41A9-BE45-D892FC7B3DE6}.Release|Any CPU.ActiveCfg = Release|Any CPU
		{AE545C39-62A5-41A9-BE45-D892FC7B3DE6}.Release|Any CPU.Build.0 = Release|Any CPU
	EndGlobalSection
	GlobalSection(SolutionProperties) = preSolution
		HideSolutionNode = FALSE
	EndGlobalSection
	GlobalSection(ExtensibilityGlobals) = postSolution
		SolutionGuid = {AA1DB760-C27D-44E6-83FD-B60E66E1BCC6}
	EndGlobalSection
EndGlobal
